{
  "dependencies": {
    "jquery": {
      "version": "2.2.4",
      "resolved": "https://registry.npmjs.org/jquery/-/jquery-2.2.4.tgz",
      "from": "jquery@2.2.4"
    },
    "moment": {
      "version": "2.17.0",
      "resolved": "https://registry.npmjs.org/moment/-/moment-2.17.0.tgz",
      "from": "moment@2.17.0"
    }
  }
}
